{"format_version":"1.0","provider_schemas":{"registry.opentofu.org/kenske/technitium":{"provider":{"version":0,"block":{"attributes":{"host":{"type":"string","description":"Technitium API host URL. Alternatively, you can set the value using the TECHNITIUM_HOST environment variable.","description_kind":"plain","optional":true},"password":{"type":"string","description":"Technitium API token. Alternatively, you can set the value using the TECHNITIUM_PASSWORD environment variable.","description_kind":"plain","optional":true,"sensitive":true},"token":{"type":"string","description":"Technitium API token. Alternatively, you can set the value using the TECHNITIUM_TOKEN environment variable.","description_kind":"plain","optional":true,"sensitive":true},"username":{"type":"string","description":"Technitium API username. Alternatively, you can set the value using the TECHNITIUM_USERNAME environment variable.","description_kind":"plain","optional":true}},"description_kind":"plain"}},"resource_schemas":{"technitium_dhcp_reserved_lease":{"version":0,"block":{"attributes":{"comments":{"type":"string","description_kind":"plain","optional":true},"hardware_address":{"type":"string","description_kind":"plain","required":true},"host_name":{"type":"string","description_kind":"plain","optional":true},"ip_address":{"type":"string","description_kind":"plain","required":true},"name":{"type":"string","description_kind":"plain","required":true}},"description_kind":"plain"}},"technitium_dhcp_scope":{"version":0,"block":{"attributes":{"dns_servers":{"type":["list","string"],"description_kind":"plain","optional":true},"domain_name":{"type":"string","description_kind":"plain","optional":true},"ending_address":{"type":"string","description_kind":"plain","required":true},"exclusions":{"nested_type":{"attributes":{"ending_address":{"type":"string","description_kind":"plain","required":true},"starting_address":{"type":"string","description_kind":"plain","required":true}},"nesting_mode":"list"},"description_kind":"plain","optional":true},"name":{"type":"string","description_kind":"plain","required":true},"router_address":{"type":"string","description_kind":"plain","optional":true},"starting_address":{"type":"string","description_kind":"plain","required":true},"subnet_mask":{"type":"string","description_kind":"plain","required":true},"use_this_dns_server":{"type":"bool","description_kind":"plain","optional":true}},"description":"The API does a lot of magic behind the scenes when creating a new scope, so most changes will require deleting and recreating the scope.","description_kind":"plain"}},"technitium_dns_zone":{"version":0,"block":{"attributes":{"catalog":{"type":"string","description_kind":"plain","optional":true},"dnssec_validation":{"type":"bool","description_kind":"plain","optional":true},"forwarder":{"type":"string","description":"The address of the DNS server to be used as a forwarder. This optional parameter is required to be used with Conditional Forwarder zones. A special value `this-server` can be used as a forwarder which when used will forward all the requests internally to this DNS server such that you can override the zone with records and rest of the zone gets resolved via this server. The `initialize_forwarder` parameter must be set to `true` to use this option.","description_kind":"plain","optional":true},"initialize_forwarder":{"type":"bool","description":" Set value as true to initialize the Conditional Forwarder zone with an FWD record or set it to false to create an empty Forwarder zone. Default value is `true`","description_kind":"plain","optional":true,"computed":true},"name":{"type":"string","description_kind":"plain","required":true},"primary_name_server_addresses":{"type":["list","string"],"description_kind":"plain","optional":true},"protocol":{"type":"string","description":"The DNS transport protocol to be used by the Conditional Forwarder zone.This optional parameter is used with Conditional Forwarder zones.Valid values are [`Udp`, `Tcp`, `Tls`, `Https`, `Quic`].Default is `Udp`","description_kind":"plain","optional":true},"tsig_key_name":{"type":"string","description_kind":"plain","optional":true},"type":{"type":"string","description":"The type of DNS zone. Valid values are [`Primary`, `Secondary`, `Stub`, `Forwarder`, `SecondaryForwarder`, `Catalog`, `SecondaryCatalog`]","description_kind":"plain","required":true},"use_soa_serial_date_scheme":{"type":"bool","description_kind":"plain","optional":true},"zone_transfer_protocol":{"type":"string","description_kind":"plain","optional":true}},"description_kind":"plain"}},"technitium_dns_zone_record":{"version":0,"block":{"attributes":{"app_name":{"type":"string","description":"DNS app name, required for `APP` records","description_kind":"plain","optional":true},"class_path":{"type":"string","description":"DNS app class path","description_kind":"plain","optional":true},"cname":{"type":"string","description_kind":"plain","optional":true},"comments":{"type":"string","description_kind":"plain","optional":true,"computed":true},"create_ptr_zone":{"type":"bool","description_kind":"plain","optional":true},"disabled":{"type":"bool","description":"Set to true to disable the DNS record. Default is false.","description_kind":"plain","optional":true,"computed":true},"dnssec_validation":{"type":"bool","description_kind":"plain","optional":true},"domain":{"type":"string","description_kind":"plain","required":true},"exchange":{"type":"string","description":"The exchange domain name. This option is required for adding MX record.","description_kind":"plain","optional":true},"expiry_ttl":{"type":"number","description_kind":"plain","optional":true,"computed":true},"forwarder":{"type":"string","description":"The forwarder address. A special value of `this-server` can be used to directly forward requests internally to the DNS server. This parameter is required for adding the FWD record.","description_kind":"plain","optional":true},"forwarder_priority":{"type":"number","description_kind":"plain","optional":true},"ip_address":{"type":"string","description_kind":"plain","optional":true},"name_server":{"type":"string","description_kind":"plain","optional":true},"preference":{"type":"number","description":"This is the preference value for MX record type. This option is required for adding MX record.","description_kind":"plain","optional":true},"protocol":{"type":"string","description":"This parameter is required for adding the FWD record. Valid values are [`Udp`, `Tcp`, `Tls`, `Https`, `Quic`].","description_kind":"plain","optional":true},"proxy_address":{"type":"string","description_kind":"plain","optional":true},"proxy_password":{"type":"string","description_kind":"plain","optional":true},"proxy_port":{"type":"number","description_kind":"plain","optional":true},"proxy_type":{"type":"string","description":"The type of proxy to be used for conditional forwarding. Valid values are [`NoProxy`, `DefaultProxy`, `Http`, `Socks5`].","description_kind":"plain","optional":true},"proxy_username":{"type":"string","description_kind":"plain","optional":true},"ptr":{"type":"string","description_kind":"plain","optional":true},"ptr_name":{"type":"string","description_kind":"plain","optional":true},"record_data":{"type":"string","description":"DNS app record data","description_kind":"plain","optional":true},"split_text":{"type":"string","description":"Set to true for using new line char to split text into multiple character-strings for adding TXT record.","description_kind":"plain","optional":true},"text":{"type":"string","description":"The text data for TXT record. This option is required for adding TXT record.","description_kind":"plain","optional":true},"ttl":{"type":"number","description":"The time-to-live (TTL) for the DNS record in seconds","description_kind":"plain","optional":true,"computed":true},"type":{"type":"string","description":"The type of DNS record. Valid values are [`A`, `AAAA`, `NS`, `CNAME`, `PTR`, `MX`, `TXT`, `SRV`, `DNAME`, `DS`, `SSHFP`, `TLSA`, `SVCB`, `HTTPS`, `URI`, `CAA`] and proprietary types [`ANAME`, `FWD`, `APP`].","description_kind":"plain","required":true},"update_svcb_hints":{"type":"bool","description_kind":"plain","optional":true},"zone":{"type":"string","description_kind":"plain","optional":true}},"description_kind":"plain"}}},"data_source_schemas":{"technitium_dhcp_scope":{"version":0,"block":{"attributes":{"dns_servers":{"type":["list","string"],"description_kind":"plain","computed":true},"domain_name":{"type":"string","description_kind":"plain","computed":true},"ending_address":{"type":"string","description_kind":"plain","computed":true},"exclusions":{"type":["list",["object",{"ending_address":"string","starting_address":"string"}]],"description_kind":"plain","computed":true},"name":{"type":"string","description_kind":"plain","required":true},"router_address":{"type":"string","description_kind":"plain","computed":true},"starting_address":{"type":"string","description_kind":"plain","computed":true},"subnet_mask":{"type":"string","description_kind":"plain","computed":true},"use_this_dns_server":{"type":"bool","description_kind":"plain","computed":true}},"description_kind":"plain"}},"technitium_dhcp_scopes":{"version":0,"block":{"attributes":{"scopes":{"nested_type":{"attributes":{"broadcast_address":{"type":"string","description_kind":"plain","computed":true},"enabled":{"type":"bool","description_kind":"plain","computed":true},"ending_address":{"type":"string","description_kind":"plain","computed":true},"name":{"type":"string","description_kind":"plain","computed":true},"network_address":{"type":"string","description_kind":"plain","computed":true},"starting_address":{"type":"string","description_kind":"plain","computed":true},"subnet_mask":{"type":"string","description_kind":"plain","computed":true}},"nesting_mode":"list"},"description_kind":"plain","computed":true}},"description_kind":"plain"}},"technitium_dns_zone":{"version":0,"block":{"attributes":{"catalog":{"type":"string","description_kind":"plain","computed":true},"disabled":{"type":"bool","description_kind":"plain","computed":true},"dnssec_status":{"type":"string","description_kind":"plain","computed":true},"name":{"type":"string","description_kind":"plain","required":true},"notify":{"type":"string","description_kind":"plain","computed":true},"notify_failed":{"type":"bool","description_kind":"plain","computed":true},"notify_failed_for":{"type":["list","string"],"description_kind":"plain","computed":true},"notify_name_servers":{"type":["list","string"],"description_kind":"plain","computed":true},"query_access":{"type":"string","description_kind":"plain","computed":true},"query_access_network_acl":{"type":["list","string"],"description_kind":"plain","computed":true},"type":{"type":"string","description_kind":"plain","computed":true},"update":{"type":"string","description_kind":"plain","computed":true},"update_network_acl":{"type":["list","string"],"description_kind":"plain","computed":true},"zone_transfer":{"type":"string","description_kind":"plain","computed":true},"zone_transfer_network_acl":{"type":["list","string"],"description_kind":"plain","computed":true},"zone_transfer_tsig_key_names":{"type":["list","string"],"description_kind":"plain","computed":true}},"description_kind":"plain"}},"technitium_dns_zone_record":{"version":0,"block":{"attributes":{"disabled":{"type":"bool","description_kind":"plain","computed":true},"dnssec_status":{"type":"string","description_kind":"plain","computed":true},"expiry_ttl":{"type":"number","description_kind":"plain","computed":true},"last_modified":{"type":"string","description_kind":"plain","computed":true},"last_used_on":{"type":"string","description_kind":"plain","computed":true},"name":{"type":"string","description_kind":"plain","required":true},"record_data":{"nested_type":{"attributes":{"cname":{"type":"string","description_kind":"plain","computed":true},"dnssec_validation":{"type":"bool","description_kind":"plain","computed":true},"expire":{"type":"number","description_kind":"plain","computed":true},"forwarder":{"type":"string","description_kind":"plain","computed":true},"ip_address":{"type":"string","description_kind":"plain","computed":true},"minimum":{"type":"number","description_kind":"plain","computed":true},"name_server":{"type":"string","description_kind":"plain","computed":true},"primary_name_server":{"type":"string","description_kind":"plain","computed":true},"priority":{"type":"number","description_kind":"plain","computed":true},"protocol":{"type":"string","description_kind":"plain","computed":true},"proxy_type":{"type":"string","description_kind":"plain","computed":true},"refresh":{"type":"number","description_kind":"plain","computed":true},"responsible_person":{"type":"string","description_kind":"plain","computed":true},"retry":{"type":"number","description_kind":"plain","computed":true},"serial":{"type":"number","description_kind":"plain","computed":true},"use_serial_date_scheme":{"type":"bool","description_kind":"plain","computed":true}},"nesting_mode":"single"},"description_kind":"plain","computed":true},"ttl":{"type":"number","description_kind":"plain","computed":true},"type":{"type":"string","description_kind":"plain","required":true}},"description_kind":"plain"}},"technitium_dns_zone_records":{"version":0,"block":{"attributes":{"domain":{"type":"string","description_kind":"plain","required":true},"records":{"nested_type":{"attributes":{"disabled":{"type":"bool","description_kind":"plain","computed":true},"dnssec_status":{"type":"string","description_kind":"plain","computed":true},"expiry_ttl":{"type":"number","description_kind":"plain","computed":true},"last_modified":{"type":"string","description_kind":"plain","computed":true},"last_used_on":{"type":"string","description_kind":"plain","computed":true},"name":{"type":"string","description_kind":"plain","computed":true},"record_data":{"nested_type":{"attributes":{"cname":{"type":"string","description_kind":"plain","computed":true},"dnssec_validation":{"type":"bool","description_kind":"plain","computed":true},"expire":{"type":"number","description_kind":"plain","computed":true},"forwarder":{"type":"string","description_kind":"plain","computed":true},"ip_address":{"type":"string","description_kind":"plain","computed":true},"minimum":{"type":"number","description_kind":"plain","computed":true},"name_server":{"type":"string","description_kind":"plain","computed":true},"primary_name_server":{"type":"string","description_kind":"plain","computed":true},"priority":{"type":"number","description_kind":"plain","computed":true},"protocol":{"type":"string","description_kind":"plain","computed":true},"proxy_type":{"type":"string","description_kind":"plain","computed":true},"refresh":{"type":"number","description_kind":"plain","computed":true},"responsible_person":{"type":"string","description_kind":"plain","computed":true},"retry":{"type":"number","description_kind":"plain","computed":true},"serial":{"type":"number","description_kind":"plain","computed":true},"use_serial_date_scheme":{"type":"bool","description_kind":"plain","computed":true}},"nesting_mode":"single"},"description_kind":"plain","computed":true},"ttl":{"type":"number","description_kind":"plain","computed":true},"type":{"type":"string","description_kind":"plain","computed":true}},"nesting_mode":"list"},"description_kind":"plain","computed":true}},"description_kind":"plain"}},"technitium_dns_zones":{"version":0,"block":{"attributes":{"zones":{"nested_type":{"attributes":{"catalog":{"type":"string","description_kind":"plain","computed":true},"disabled":{"type":"bool","description_kind":"plain","computed":true},"dnssec_status":{"type":"string","description_kind":"plain","computed":true},"expiry":{"type":"string","description_kind":"plain","computed":true},"internal":{"type":"bool","description_kind":"plain","computed":true},"is_expired":{"type":"bool","description_kind":"plain","computed":true},"last_modified":{"type":"string","description_kind":"plain","computed":true},"name":{"type":"string","description_kind":"plain","computed":true},"soa_serial":{"type":"number","description_kind":"plain","computed":true},"type":{"type":"string","description_kind":"plain","computed":true}},"nesting_mode":"list"},"description_kind":"plain","computed":true}},"description_kind":"plain"}}}}}}
