{"version":4,"terraform_version":"1.11.6","serial":3,"lineage":"56d88ac1-c574-1018-8fe4-a20402763cda","outputs":{"vm_ip":{"value":"10.10.10.197","type":"string"}},"resources":[{"mode":"data","type":"vsphere_compute_cluster","name":"cluster","provider":"provider[\"registry.opentofu.org/hashicorp/vsphere\"]","instances":[{"schema_version":0,"attributes":{"datacenter_id":"datacenter-3","id":"domain-c9","name":"Primary","resource_pool_id":"resgroup-10"},"sensitive_attributes":[]}]},{"mode":"data","type":"vsphere_content_library","name":"library","provider":"provider[\"registry.opentofu.org/hashicorp/vsphere\"]","instances":[{"schema_version":0,"attributes":{"id":"a4a21683-f19a-4e1a-bde8-2e234ba7972e","name":"PHOTON"},"sensitive_attributes":[]}]},{"mode":"data","type":"vsphere_content_library_item","name":"template","provider":"provider[\"registry.opentofu.org/hashicorp/vsphere\"]","instances":[{"schema_version":0,"attributes":{"id":"8f32b431-31be-43b6-a31c-f41d15af202c","library_id":"a4a21683-f19a-4e1a-bde8-2e234ba7972e","name":"photon-5.0-golden","type":"ovf"},"sensitive_attributes":[]}]},{"mode":"data","type":"vsphere_datacenter","name":"dc","provider":"provider[\"registry.opentofu.org/hashicorp/vsphere\"]","instances":[{"schema_version":0,"attributes":{"id":"datacenter-3","name":"HOMELAB","virtual_machines":["CODEX-DEV","HOMELAB","NUT APC BATTERY MONITOR","OPNsense","PF-SENSE","TRUENAS.PLEXPLEASE.COM","docker-02.infa.plexplease.com","photon-5.0-base-template","photon-test-base","vCLS-03000200-0400-0500-0006-000700080009","vCLS-826b8000-e548-11e9-8000-ac1f6b3ae32a","vCenter-01"]},"sensitive_attributes":[]}]},{"mode":"data","type":"vsphere_datastore","name":"datastore","provider":"provider[\"registry.opentofu.org/hashicorp/vsphere\"]","instances":[{"schema_version":0,"attributes":{"datacenter_id":"datacenter-3","id":"datastore-32","name":"NVME_2TB_970_SAMSUNG_EVO_M.2","stats":{"capacity":"2000112582656","free":"932164141056"}},"sensitive_attributes":[]}]},{"mode":"data","type":"vsphere_host","name":"host","provider":"provider[\"registry.opentofu.org/hashicorp/vsphere\"]","instances":[{"schema_version":0,"attributes":{"datacenter_id":"datacenter-3","id":"host-12","name":"esxi-01.mgmt.plexplease.com","resource_pool_id":"resgroup-10"},"sensitive_attributes":[]}]},{"mode":"data","type":"vsphere_network","name":"network","provider":"provider[\"registry.opentofu.org/hashicorp/vsphere\"]","instances":[{"schema_version":0,"attributes":{"datacenter_id":"datacenter-3","distributed_virtual_switch_uuid":null,"filter":null,"id":"network-35","name":"VM Network","retry_interval":500,"retry_timeout":0,"type":"Network","vpc_id":null},"sensitive_attributes":[]}]},{"mode":"data","type":"vsphere_tag","name":"tags","provider":"provider[\"registry.opentofu.org/hashicorp/vsphere\"]","instances":[{"index_key":"photon","schema_version":0,"attributes":{"category_id":"urn:vmomi:InventoryServiceCategory:57b884bd-0ca7-4f66-a658-cb4687ee2a7a:GLOBAL","description":"","id":"urn:vmomi:InventoryServiceTag:ef1fd5e8-c7d9-4087-a1db-b12cd7beaadc:GLOBAL","name":"photon"},"sensitive_attributes":[]}]},{"mode":"data","type":"vsphere_tag_category","name":"category","provider":"provider[\"registry.opentofu.org/hashicorp/vsphere\"]","instances":[{"schema_version":0,"attributes":{"associable_types":["VirtualMachine"],"cardinality":"MULTIPLE","description":"","id":"urn:vmomi:InventoryServiceCategory:57b884bd-0ca7-4f66-a658-cb4687ee2a7a:GLOBAL","name":"Provisioning"},"sensitive_attributes":[]}]},{"mode":"managed","type":"vsphere_virtual_machine","name":"vm","provider":"provider[\"registry.opentofu.org/hashicorp/vsphere\"]","instances":[{"schema_version":3,"attributes":{"alternate_guest_name":"","annotation":"This OVA provides a minimal installed profile of PhotonOS.\n\n   Default password for root user is changeme. However user will be prompted to change the password during first login.","boot_delay":0,"boot_retry_delay":10000,"boot_retry_enabled":false,"cdrom":[],"change_version":"2026-05-02T23:49:14.112913Z","clone":[{"customization_spec":[],"customize":[],"linked_clone":false,"ovf_network_map":null,"ovf_storage_map":null,"template_uuid":"8f32b431-31be-43b6-a31c-f41d15af202c","timeout":30}],"cpu_hot_add_enabled":false,"cpu_hot_remove_enabled":false,"cpu_limit":-1,"cpu_performance_counters_enabled":false,"cpu_reservation":0,"cpu_share_count":4000,"cpu_share_level":"normal","custom_attributes":null,"datacenter_id":null,"datastore_cluster_id":null,"datastore_id":"datastore-32","default_ip_address":"10.10.10.197","disk":[{"attach":false,"controller_type":"scsi","datastore_id":"datastore-32","device_address":"scsi:0:0","disk_mode":"persistent","disk_sharing":"sharingNone","eagerly_scrub":false,"io_limit":-1,"io_reservation":0,"io_share_count":1000,"io_share_level":"normal","keep_on_remove":false,"key":2000,"label":"disk0","path":"docker-03.infa.plexplease.com/docker-03.infa.plexplease.com.vmdk","size":50,"storage_policy_id":"","thin_provisioned":true,"unit_number":0,"uuid":"6000C296-ff73-f294-407e-f5d7d2b92bfc","write_through":false}],"efi_secure_boot_enabled":false,"enable_disk_uuid":false,"enable_logging":false,"ept_rvi_mode":"","extra_config":null,"extra_config_reboot_required":true,"firmware":"bios","folder":"","force_power_off":true,"guest_id":"vmwarePhoton64Guest","guest_ip_addresses":["172.18.0.1","10.10.10.197","fe80::250:56ff:fe9f:73ca"],"hardware_version":21,"host_system_id":"host-12","hv_mode":"","id":"421f42b6-c5c2-2caf-bb14-eccc4ac871a9","ide_controller_count":2,"ignored_guest_ips":null,"imported":null,"latency_sensitivity":"normal","memory":8192,"memory_hot_add_enabled":false,"memory_limit":-1,"memory_reservation":0,"memory_reservation_locked_to_max":false,"memory_share_count":81920,"memory_share_level":"normal","migrate_wait_timeout":30,"moid":"vm-4161","name":"docker-03.infa.plexplease.com","nested_hv_enabled":false,"network_interface":[{"adapter_type":"vmxnet3","bandwidth_limit":-1,"bandwidth_reservation":0,"bandwidth_share_count":50,"bandwidth_share_level":"normal","device_address":"pci:0:7","key":4000,"mac_address":"00:50:56:9f:73:ca","network_id":"network-35","ovf_mapping":"","physical_function":"","use_static_mac":false}],"num_cores_per_socket":1,"num_cpus":4,"nvme_controller_count":0,"ovf_deploy":[],"pci_device_id":null,"power_state":"on","poweron_timeout":300,"reboot_required":false,"replace_trigger":null,"resource_pool_id":"resgroup-10","run_tools_scripts_after_power_on":true,"run_tools_scripts_after_resume":true,"run_tools_scripts_before_guest_reboot":false,"run_tools_scripts_before_guest_shutdown":true,"run_tools_scripts_before_guest_standby":true,"sata_controller_count":0,"scsi_bus_sharing":"noSharing","scsi_controller_count":1,"scsi_type":"pvscsi","shutdown_wait_timeout":3,"storage_policy_id":"","swap_placement_policy":"inherit","sync_time_with_host":true,"sync_time_with_host_periodically":false,"tags":["urn:vmomi:InventoryServiceTag:ef1fd5e8-c7d9-4087-a1db-b12cd7beaadc:GLOBAL"],"tools_upgrade_policy":"manual","uuid":"421f42b6-c5c2-2caf-bb14-eccc4ac871a9","vapp":[],"vapp_transport":[],"vbs_enabled":false,"vmware_tools_status":"guestToolsRunning","vmx_path":"docker-03.infa.plexplease.com/docker-03.infa.plexplease.com.vmx","vtpm":[],"vvtd_enabled":false,"wait_for_guest_ip_timeout":0,"wait_for_guest_net_routable":true,"wait_for_guest_net_timeout":5},"sensitive_attributes":[],"private":"eyJzY2hlbWFfdmVyc2lvbiI6IjMifQ==","dependencies":["data.vsphere_compute_cluster.cluster","data.vsphere_content_library.library","data.vsphere_content_library_item.template","data.vsphere_datacenter.dc","data.vsphere_datastore.datastore","data.vsphere_host.host","data.vsphere_network.network","data.vsphere_tag.tags","data.vsphere_tag_category.category"]}]}],"check_results":null}
